
Microsoft Visual Studio Solution File, Format Version 12.00
# Visual Studio 14
VisualStudioVersion = 14.0.23107.0
MinimumVisualStudioVersion = 10.0.40219.1
Project("{FAE04EC0-301F-11D3-BF4B-00C04F79EFBC}") = "TestOwinNancy.Core", "TestOwinNancy.Core\TestOwinNancy.Core.csproj", "{FF1A18A2-ACD2-4399-9D9E-FC9421142B50}"
EndProject
Project("{FAE04EC0-301F-11D3-BF4B-00C04F79EFBC}") = "TestOwinNancy", "TestOwinNancy\TestOwinNancy.csproj", "{0923DC3C-0FB6-41BC-9A90-EDCE7044450D}"
EndProject
Global
	GlobalSection(SolutionConfigurationPlatforms) = preSolution
		Debug|Any CPU = Debug|Any CPU
		Release|Any CPU = Release|Any CPU
	EndGlobalSection
	GlobalSection(ProjectConfigurationPlatforms) = postSolution
		{FF1A18A2-ACD2-4399-9D9E-FC9421142B50}.Debug|Any CPU.ActiveCfg = Debug|Any CPU
		{FF1A18A2-ACD2-4399-9D9E-FC9421142B50}.Debug|Any CPU.Build.0 = Debug|Any CPU
		{FF1A18A2-ACD2-4399-9D9E-FC9421142B50}.Release|Any CPU.ActiveCfg = Release|Any CPU
		{FF1A18A2-ACD2-4399-9D9E-FC9421142B50}.Release|Any CPU.Build.0 = Release|Any CPU
		{0923DC3C-0FB6-41BC-9A90-EDCE7044450D}.Debug|Any CPU.ActiveCfg = Debug|Any CPU
		{0923DC3C-0FB6-41BC-9A90-EDCE7044450D}.Debug|Any CPU.Build.0 = Debug|Any CPU
		{0923DC3C-0FB6-41BC-9A90-EDCE7044450D}.Release|Any CPU.ActiveCfg = Release|Any CPU
		{0923DC3C-0FB6-41BC-9A90-EDCE7044450D}.Release|Any CPU.Build.0 = Release|Any CPU
	EndGlobalSection
	GlobalSection(SolutionProperties) = preSolution
		HideSolutionNode = FALSE
	EndGlobalSection
EndGlobal
